// !$*UTF8*$!
{
	archiveVersion = 1;
	classes = {
	};
	objectVersion = 50;
	objects = {

/* Begin PBXBuildFile section */
		CA17953422365EA80043BF36 /* AppDelegate.swift in Sources */ = {isa = PBXBuildFile; fileRef = CA17953322365EA80043BF36 /* AppDelegate.swift */; };
		CA17953622365EA80043BF36 /* ViewController.swift in Sources */ = {isa = PBXBuildFile; fileRef = CA17953522365EA80043BF36 /* ViewController.swift */; };
		CA17953922365EA80043BF36 /* Main.storyboard in Resources */ = {isa = PBXBuildFile; fileRef = CA17953722365EA80043BF36 /* Main.storyboard */; };
		CA17953C22365EA80043BF36 /* Notes_App.xcdatamodeld in Sources */ = {isa = PBXBuildFile; fileRef = CA17953A22365EA80043BF36 /* Notes_App.xcdatamodeld */; };
		CA17953E22365EA90043BF36 /* Assets.xcassets in Resources */ = {isa = PBXBuildFile; fileRef = CA17953D22365EA90043BF36 /* Assets.xcassets */; };
		CA17954122365EA90043BF36 /* LaunchScreen.storyboard in Resources */ = {isa = PBXBuildFile; fileRef = CA17953F22365EA90043BF36 /* LaunchScreen.storyboard */; };
		CA2297EF223794CD00633D25 /* Notes.swift in Sources */ = {isa = PBXBuildFile; fileRef = CA2297EE223794CD00633D25 /* Notes.swift */; };
		CA2297F222379DC500633D25 /* CustomTableViewCell.swift in Sources */ = {isa = PBXBuildFile; fileRef = CA2297F022379DC500633D25 /* CustomTableViewCell.swift */; };
		CA2297F322379DC500633D25 /* CustomTableViewCell.xib in Resources */ = {isa = PBXBuildFile; fileRef = CA2297F122379DC500633D25 /* CustomTableViewCell.xib */; };
		CA2297FE2237AA8F00633D25 /* AddUpdateViewController.swift in Sources */ = {isa = PBXBuildFile; fileRef = CA2297FC2237AA8F00633D25 /* AddUpdateViewController.swift */; };
		CA2297FF2237AA8F00633D25 /* AddUpdateViewController.xib in Resources */ = {isa = PBXBuildFile; fileRef = CA2297FD2237AA8F00633D25 /* AddUpdateViewController.xib */; };
		CA2298032237D84100633D25 /* States.swift in Sources */ = {isa = PBXBuildFile; fileRef = CA2298022237D84100633D25 /* States.swift */; };
/* End PBXBuildFile section */

/* Begin PBXFileReference section */
		CA17953022365EA80043BF36 /* Notes App.app */ = {isa = PBXFileReference; explicitFileType = wrapper.application; includeInIndex = 0; path = "Notes App.app"; sourceTree = BUILT_PRODUCTS_DIR; };
		CA17953322365EA80043BF36 /* AppDelegate.swift */ = {isa = PBXFileReference; lastKnownFileType = sourcecode.swift; path = AppDelegate.swift; sourceTree = "<group>"; };
		CA17953522365EA80043BF36 /* ViewController.swift */ = {isa = PBXFileReference; lastKnownFileType = sourcecode.swift; path = ViewController.swift; sourceTree = "<group>"; };
		CA17953822365EA80043BF36 /* Base */ = {isa = PBXFileReference; lastKnownFileType = file.storyboard; name = Base; path = Base.lproj/Main.storyboard; sourceTree = "<group>"; };
		CA17953B22365EA80043BF36 /* Notes_App.xcdatamodel */ = {isa = PBXFileReference; lastKnownFileType = wrapper.xcdatamodel; path = Notes_App.xcdatamodel; sourceTree = "<group>"; };
		CA17953D22365EA90043BF36 /* Assets.xcassets */ = {isa = PBXFileReference; lastKnownFileType = folder.assetcatalog; path = Assets.xcassets; sourceTree = "<group>"; };
		CA17954022365EA90043BF36 /* Base */ = {isa = PBXFileReference; lastKnownFileType = file.storyboard; name = Base; path = Base.lproj/LaunchScreen.storyboard; sourceTree = "<group>"; };
		CA17954222365EA90043BF36 /* Info.plist */ = {isa = PBXFileReference; lastKnownFileType = text.plist.xml; path = Info.plist; sourceTree = "<group>"; };
		CA2297EE223794CD00633D25 /* Notes.swift */ = {isa = PBXFileReference; lastKnownFileType = sourcecode.swift; path = Notes.swift; sourceTree = "<group>"; };
		CA2297F022379DC500633D25 /* CustomTableViewCell.swift */ = {isa = PBXFileReference; lastKnownFileType = sourcecode.swift; path = CustomTableViewCell.swift; sourceTree = "<group>"; };
		CA2297F122379DC500633D25 /* CustomTableViewCell.xib */ = {isa = PBXFileReference; lastKnownFileType = file.xib; path = CustomTableViewCell.xib; sourceTree = "<group>"; };
		CA2297FC2237AA8F00633D25 /* AddUpdateViewController.swift */ = {isa = PBXFileReference; lastKnownFileType = sourcecode.swift; path = AddUpdateViewController.swift; sourceTree = "<group>"; };
		CA2297FD2237AA8F00633D25 /* AddUpdateViewController.xib */ = {isa = PBXFileReference; lastKnownFileType = file.xib; path = AddUpdateViewController.xib; sourceTree = "<group>"; };
		CA2298022237D84100633D25 /* States.swift */ = {isa = PBXFileReference; lastKnownFileType = sourcecode.swift; path = States.swift; sourceTree = "<group>"; };
/* End PBXFileReference section */

/* Begin PBXFrameworksBuildPhase section */
		CA17952D22365EA80043BF36 /* Frameworks */ = {
			isa = PBXFrameworksBuildPhase;
			buildActionMask = 2147483647;
			files = (
			);
			runOnlyForDeploymentPostprocessing = 0;
		};
/* End PBXFrameworksBuildPhase section */

/* Begin PBXGroup section */
		CA17952722365EA80043BF36 = {
			isa = PBXGroup;
			children = (
				CA17953222365EA80043BF36 /* Notes App */,
				CA17953122365EA80043BF36 /* Products */,
			);
			sourceTree = "<group>";
		};
		CA17953122365EA80043BF36 /* Products */ = {
			isa = PBXGroup;
			children = (
				CA17953022365EA80043BF36 /* Notes App.app */,
			);
			name = Products;
			sourceTree = "<group>";
		};
		CA17953222365EA80043BF36 /* Notes App */ = {
			isa = PBXGroup;
			children = (
				CA17953722365EA80043BF36 /* Main.storyboard */,
				CA2298002237B4EF00633D25 /* View Controllers */,
				CA2297F522379DEA00633D25 /* Model */,
				CA2297F422379DD300633D25 /* Custom Cell */,
				CA17954222365EA90043BF36 /* Info.plist */,
				CA17953D22365EA90043BF36 /* Assets.xcassets */,
				CA2298012237B50A00633D25 /* Supporting Files */,
			);
			path = "Notes App";
			sourceTree = "<group>";
		};
		CA2297F422379DD300633D25 /* Custom Cell */ = {
			isa = PBXGroup;
			children = (
				CA2297F022379DC500633D25 /* CustomTableViewCell.swift */,
				CA2297F122379DC500633D25 /* CustomTableViewCell.xib */,
			);
			path = "Custom Cell";
			sourceTree = "<group>";
		};
		CA2297F522379DEA00633D25 /* Model */ = {
			isa = PBXGroup;
			children = (
				CA17953A22365EA80043BF36 /* Notes_App.xcdatamodeld */,
				CA2297EE223794CD00633D25 /* Notes.swift */,
			);
			path = Model;
			sourceTree = "<group>";
		};
		CA2298002237B4EF00633D25 /* View Controllers */ = {
			isa = PBXGroup;
			children = (
				CA17953522365EA80043BF36 /* ViewController.swift */,
				CA2297FC2237AA8F00633D25 /* AddUpdateViewController.swift */,
				CA2297FD2237AA8F00633D25 /* AddUpdateViewController.xib */,
			);
			path = "View Controllers";
			sourceTree = "<group>";
		};
		CA2298012237B50A00633D25 /* Supporting Files */ = {
			isa = PBXGroup;
			children = (
				CA2298022237D84100633D25 /* States.swift */,
				CA17953322365EA80043BF36 /* AppDelegate.swift */,
				CA17953F22365EA90043BF36 /* LaunchScreen.storyboard */,
			);
			path = "Supporting Files";
			sourceTree = "<group>";
		};
/* End PBXGroup section */

/* Begin PBXNativeTarget section */
		CA17952F22365EA80043BF36 /* Notes App */ = {
			isa = PBXNativeTarget;
			buildConfigurationList = CA17954522365EA90043BF36 /* Build configuration list for PBXNativeTarget "Notes App" */;
			buildPhases = (
				CA17952C22365EA80043BF36 /* Sources */,
				CA17952D22365EA80043BF36 /* Frameworks */,
				CA17952E22365EA80043BF36 /* Resources */,
			);
			buildRules = (
			);
			dependencies = (
			);
			name = "Notes App";
			productName = "Notes App";
			productReference = CA17953022365EA80043BF36 /* Notes App.app */;
			productType = "com.apple.product-type.application";
		};
/* End PBXNativeTarget section */

/* Begin PBXProject section */
		CA17952822365EA80043BF36 /* Project object */ = {
			isa = PBXProject;
			attributes = {
				LastSwiftUpdateCheck = 1010;
				LastUpgradeCheck = 1010;
				ORGANIZATIONNAME = "Shashwat ";
				TargetAttributes = {
					CA17952F22365EA80043BF36 = {
						CreatedOnToolsVersion = 10.1;
					};
				};
			};
			buildConfigurationList = CA17952B22365EA80043BF36 /* Build configuration list for PBXProject "Notes App" */;
			compatibilityVersion = "Xcode 9.3";
			developmentRegion = en;
			hasScannedForEncodings = 0;
			knownRegions = (
				en,
				Base,
			);
			mainGroup = CA17952722365EA80043BF36;
			productRefGroup = CA17953122365EA80043BF36 /* Products */;
			projectDirPath = "";
			projectRoot = "";
			targets = (
				CA17952F22365EA80043BF36 /* Notes App */,
			);
		};
/* End PBXProject section */

/* Begin PBXResourcesBuildPhase section */
		CA17952E22365EA80043BF36 /* Resources */ = {
			isa = PBXResourcesBuildPhase;
			buildActionMask = 2147483647;
			files = (
				CA17954122365EA90043BF36 /* LaunchScreen.storyboard in Resources */,
				CA2297FF2237AA8F00633D25 /* AddUpdateViewController.xib in Resources */,
				CA17953E22365EA90043BF36 /* Assets.xcassets in Resources */,
				CA2297F322379DC500633D25 /* CustomTableViewCell.xib in Resources */,
				CA17953922365EA80043BF36 /* Main.storyboard in Resources */,
			);
			runOnlyForDeploymentPostprocessing = 0;
		};
/* End PBXResourcesBuildPhase section */

/* Begin PBXSourcesBuildPhase section */
		CA17952C22365EA80043BF36 /* Sources */ = {
			isa = PBXSourcesBuildPhase;
			buildActionMask = 2147483647;
			files = (
				CA17953C22365EA80043BF36 /* Notes_App.xcdatamodeld in Sources */,
				CA2297FE2237AA8F00633D25 /* AddUpdateViewController.swift in Sources */,
				CA2297F222379DC500633D25 /* CustomTableViewCell.swift in Sources */,
				CA17953622365EA80043BF36 /* ViewController.swift in Sources */,
				CA17953422365EA80043BF36 /* AppDelegate.swift in Sources */,
				CA2298032237D84100633D25 /* States.swift in Sources */,
				CA2297EF223794CD00633D25 /* Notes.swift in Sources */,
			);
			runOnlyForDeploymentPostprocessing = 0;
		};
/* End PBXSourcesBuildPhase section */

/* Begin PBXVariantGroup section */
		CA17953722365EA80043BF36 /* Main.storyboard */ = {
			isa = PBXVariantGroup;
			children = (
				CA17953822365EA80043BF36 /* Base */,
			);
			name = Main.storyboard;
			sourceTree = "<group>";
		};
		CA17953F22365EA90043BF36 /* LaunchScreen.storyboard */ = {
			isa = PBXVariantGroup;
			children = (
				CA17954022365EA90043BF36 /* Base */,
			);
			name = LaunchScreen.storyboard;
			sourceTree = "<group>";
		};
/* End PBXVariantGroup section */

/* Begin XCBuildConfiguration section */
		CA17954322365EA90043BF36 /* Debug */ = {
			isa = XCBuildConfiguration;
			buildSettings = {
				ALWAYS_SEARCH_USER_PATHS = NO;
				CLANG_ANALYZER_NONNULL = YES;
				CLANG_ANALYZER_NUMBER_OBJECT_CONVERSION = YES_AGGRESSIVE;
				CLANG_CXX_LANGUAGE_STANDARD = "gnu++14";
				CLANG_CXX_LIBRARY = "libc++";
				CLANG_ENABLE_MODULES = YES;
				CLANG_ENABLE_OBJC_ARC = YES;
				CLANG_ENABLE_OBJC_WEAK = YES;
				CLANG_WARN_BLOCK_CAPTURE_AUTORELEASING = YES;
				CLANG_WARN_BOOL_CONVERSION = YES;
				CLANG_WARN_COMMA = YES;
				CLANG_WARN_CONSTANT_CONVERSION = YES;
				CLANG_WARN_DEPRECATED_OBJC_IMPLEMENTATIONS = YES;
				CLANG_WARN_DIRECT_OBJC_ISA_USAGE = YES_ERROR;
				CLANG_WARN_DOCUMENTATION_COMMENTS = YES;
				CLANG_WARN_EMPTY_BODY = YES;
				CLANG_WARN_ENUM_CONVERSION = YES;
				CLANG_WARN_INFINITE_RECURSION = YES;
				CLANG_WARN_INT_CONVERSION = YES;
				CLANG_WARN_NON_LITERAL_NULL_CONVERSION = YES;
				CLANG_WARN_OBJC_IMPLICIT_RETAIN_SELF = YES;
				CLANG_WARN_OBJC_LITERAL_CONVERSION = YES;
				CLANG_WARN_OBJC_ROOT_CLASS = YES_ERROR;
				CLANG_WARN_RANGE_LOOP_ANALYSIS = YES;
				CLANG_WARN_STRICT_PROTOTYPES = YES;
				CLANG_WARN_SUSPICIOUS_MOVE = YES;
				CLANG_WARN_UNGUARDED_AVAILABILITY = YES_AGGRESSIVE;
				CLANG_WARN_UNREACHABLE_CODE = YES;
				CLANG_WARN__DUPLICATE_METHOD_MATCH = YES;
				CODE_SIGN_IDENTITY = "iPhone Developer";
				COPY_PHASE_STRIP = NO;
				DEBUG_INFORMATION_FORMAT = dwarf;
				ENABLE_STRICT_OBJC_MSGSEND = YES;
				ENABLE_TESTABILITY = YES;
				GCC_C_LANGUAGE_STANDARD = gnu11;
				GCC_DYNAMIC_NO_PIC = NO;
				GCC_NO_COMMON_BLOCKS = YES;
				GCC_OPTIMIZATION_LEVEL = 0;
				GCC_PREPROCESSOR_DEFINITIONS = (
					"DEBUG=1",
					"$(inherited)",
				);
				GCC_WARN_64_TO_32_BIT_CONVERSION = YES;
				GCC_WARN_ABOUT_RETURN_TYPE = YES_ERROR;
				GCC_WARN_UNDECLARED_SELECTOR = YES;
				GCC_WARN_UNINITIALIZED_AUTOS = YES_AGGRESSIVE;
				GCC_WARN_UNUSED_FUNCTION = YES;
				GCC_WARN_UNUSED_VARIABLE = YES;
				IPHONEOS_DEPLOYMENT_TARGET = 12.1;
				MTL_ENABLE_DEBUG_INFO = INCLUDE_SOURCE;
				MTL_FAST_MATH = YES;
				ONLY_ACTIVE_ARCH = YES;
				SDKROOT = iphoneos;
				SWIFT_ACTIVE_COMPILATION_CONDITIONS = DEBUG;
				SWIFT_OPTIMIZATION_LEVEL = "-Onone";
			};
			name = Debug;
		};
		CA17954422365EA90043BF36 /* Release */ = {
			isa = XCBuildConfiguration;
			buildSettings = {
				ALWAYS_SEARCH_USER_PATHS = NO;
				CLANG_ANALYZER_NONNULL = YES;
				CLANG_ANALYZER_NUMBER_OBJECT_CONVERSION = YES_AGGRESSIVE;
				CLANG_CXX_LANGUAGE_STANDARD = "gnu++14";
				CLANG_CXX_LIBRARY = "libc++";
				CLANG_ENABLE_MODULES = YES;
				CLANG_ENABLE_OBJC_ARC = YES;
				CLANG_ENABLE_OBJC_WEAK = YES;
				CLANG_WARN_BLOCK_CAPTURE_AUTORELEASING = YES;
				CLANG_WARN_BOOL_CONVERSION = YES;
				CLANG_WARN_COMMA = YES;
				CLANG_WARN_CONSTANT_CONVERSION = YES;
				CLANG_WARN_DEPRECATED_OBJC_IMPLEMENTATIONS = YES;
				CLANG_WARN_DIRECT_OBJC_ISA_USAGE = YES_ERROR;
				CLANG_WARN_DOCUMENTATION_COMMENTS = YES;
				CLANG_WARN_EMPTY_BODY = YES;
				CLANG_WARN_ENUM_CONVERSION = YES;
				CLANG_WARN_INFINITE_RECURSION = YES;
				CLANG_WARN_INT_CONVERSION = YES;
				CLANG_WARN_NON_LITERAL_NULL_CONVERSION = YES;
				CLANG_WARN_OBJC_IMPLICIT_RETAIN_SELF = YES;
				CLANG_WARN_OBJC_LITERAL_CONVERSION = YES;
				CLANG_WARN_OBJC_ROOT_CLASS = YES_ERROR;
				CLANG_WARN_RANGE_LOOP_ANALYSIS = YES;
				CLANG_WARN_STRICT_PROTOTYPES = YES;
				CLANG_WARN_SUSPICIOUS_MOVE = YES;
				CLANG_WARN_UNGUARDED_AVAILABILITY = YES_AGGRESSIVE;
				CLANG_WARN_UNREACHABLE_CODE = YES;
				CLANG_WARN__DUPLICATE_METHOD_MATCH = YES;
				CODE_SIGN_IDENTITY = "iPhone Developer";
				COPY_PHASE_STRIP = NO;
				DEBUG_INFORMATION_FORMAT = "dwarf-with-dsym";
				ENABLE_NS_ASSERTIONS = NO;
				ENABLE_STRICT_OBJC_MSGSEND = YES;
				GCC_C_LANGUAGE_STANDARD = gnu11;
				GCC_NO_COMMON_BLOCKS = YES;
				GCC_WARN_64_TO_32_BIT_CONVERSION = YES;
				GCC_WARN_ABOUT_RETURN_TYPE = YES_ERROR;
				GCC_WARN_UNDECLARED_SELECTOR = YES;
				GCC_WARN_UNINITIALIZED_AUTOS = YES_AGGRESSIVE;
				GCC_WARN_UNUSED_FUNCTION = YES;
				GCC_WARN_UNUSED_VARIABLE = YES;
				IPHONEOS_DEPLOYMENT_TARGET = 12.1;
				MTL_ENABLE_DEBUG_INFO = NO;
				MTL_FAST_MATH = YES;
				SDKROOT = iphoneos;
				SWIFT_COMPILATION_MODE = wholemodule;
				SWIFT_OPTIMIZATION_LEVEL = "-O";
				VALIDATE_PRODUCT = YES;
			};
			name = Release;
		};
		CA17954622365EA90043BF36 /* Debug */ = {
			isa = XCBuildConfiguration;
			buildSettings = {
				ASSETCATALOG_COMPILER_APPICON_NAME = AppIcon;
				CODE_SIGN_STYLE = Automatic;
				DEVELOPMENT_TEAM = 235A2Z833B;
				INFOPLIST_FILE = "Notes App/Info.plist";
				LD_RUNPATH_SEARCH_PATHS = (
					"$(inherited)",
					"@executable_path/Frameworks",
				);
				PRODUCT_BUNDLE_IDENTIFIER = "com.shashwat.kashyap.Notes-App";
				PRODUCT_NAME = "$(TARGET_NAME)";
				SWIFT_VERSION = 4.2;
				TARGETED_DEVICE_FAMILY = "1,2";
			};
			name = Debug;
		};
		CA17954722365EA90043BF36 /* Release */ = {
			isa = XCBuildConfiguration;
			buildSettings = {
				ASSETCATALOG_COMPILER_APPICON_NAME = AppIcon;
				CODE_SIGN_STYLE = Automatic;
				DEVELOPMENT_TEAM = 235A2Z833B;
				INFOPLIST_FILE = "Notes App/Info.plist";
				LD_RUNPATH_SEARCH_PATHS = (
					"$(inherited)",
					"@executable_path/Frameworks",
				);
				PRODUCT_BUNDLE_IDENTIFIER = "com.shashwat.kashyap.Notes-App";
				PRODUCT_NAME = "$(TARGET_NAME)";
				SWIFT_VERSION = 4.2;
				TARGETED_DEVICE_FAMILY = "1,2";
			};
			name = Release;
		};
/* End XCBuildConfiguration section */

/* Begin XCConfigurationList section */
		CA17952B22365EA80043BF36 /* Build configuration list for PBXProject "Notes App" */ = {
			isa = XCConfigurationList;
			buildConfigurations = (
				CA17954322365EA90043BF36 /* Debug */,
				CA17954422365EA90043BF36 /* Release */,
			);
			defaultConfigurationIsVisible = 0;
			defaultConfigurationName = Release;
		};
		CA17954522365EA90043BF36 /* Build configuration list for PBXNativeTarget "Notes App" */ = {
			isa = XCConfigurationList;
			buildConfigurations = (
				CA17954622365EA90043BF36 /* Debug */,
				CA17954722365EA90043BF36 /* Release */,
			);
			defaultConfigurationIsVisible = 0;
			defaultConfigurationName = Release;
		};
/* End XCConfigurationList section */

/* Begin XCVersionGroup section */
		CA17953A22365EA80043BF36 /* Notes_App.xcdatamodeld */ = {
			isa = XCVersionGroup;
			children = (
				CA17953B22365EA80043BF36 /* Notes_App.xcdatamodel */,
			);
			currentVersion = CA17953B22365EA80043BF36 /* Notes_App.xcdatamodel */;
			path = Notes_App.xcdatamodeld;
			sourceTree = "<group>";
			versionGroupType = wrapper.xcdatamodel;
		};
/* End XCVersionGroup section */
	};
	rootObject = CA17952822365EA80043BF36 /* Project object */;
}
